
Microsoft Visual Studio Solution File, Format Version 12.00
# Visual Studio Version 17
VisualStudioVersion = 17.11.35312.102
MinimumVisualStudioVersion = 10.0.40219.1
Project("{FAE04EC0-301F-11D3-BF4B-00C04F79EFBC}") = "Cursos", "Cursos.csproj", "{4972D79E-0495-483B-A138-322F1C1EECFD}"
EndProject
Global
	GlobalSection(SolutionConfigurationPlatforms) = preSolution
		Debug|Any CPU = Debug|Any CPU
		Release|Any CPU = Release|Any CPU
	EndGlobalSection
	GlobalSection(ProjectConfigurationPlatforms) = postSolution
		{4972D79E-0495-483B-A138-322F1C1EECFD}.Debug|Any CPU.ActiveCfg = Debug|Any CPU
		{4972D79E-0495-483B-A138-322F1C1EECFD}.Debug|Any CPU.Build.0 = Debug|Any CPU
		{4972D79E-0495-483B-A138-322F1C1EECFD}.Debug|Any CPU.Deploy.0 = Debug|Any CPU
		{4972D79E-0495-483B-A138-322F1C1EECFD}.Release|Any CPU.ActiveCfg = Release|Any CPU
		{4972D79E-0495-483B-A138-322F1C1EECFD}.Release|Any CPU.Build.0 = Release|Any CPU
		{4972D79E-0495-483B-A138-322F1C1EECFD}.Release|Any CPU.Deploy.0 = Release|Any CPU
	EndGlobalSection
	GlobalSection(SolutionProperties) = preSolution
		HideSolutionNode = FALSE
	EndGlobalSection
	GlobalSection(ExtensibilityGlobals) = postSolution
		SolutionGuid = {C2546182-F0C1-4B00-B82E-910E0115059A}
	EndGlobalSection
EndGlobal
